
Microsoft Visual Studio Solution File, Format Version 12.00
# Visual Studio Version 16
VisualStudioVersion = 16.0.31005.135
MinimumVisualStudioVersion = 10.0.40219.1
Project("{FAE04EC0-301F-11D3-BF4B-00C04F79EFBC}") = "olms", "olms.csproj", "{E8EBC1F0-4885-489D-A700-26761D4AE868}"
EndProject
Global
	GlobalSection(SolutionConfigurationPlatforms) = preSolution
		Debug|Any CPU = Debug|Any CPU
		Release|Any CPU = Release|Any CPU
	EndGlobalSection
	GlobalSection(ProjectConfigurationPlatforms) = postSolution
		{E8EBC1F0-4885-489D-A700-26761D4AE868}.Debug|Any CPU.ActiveCfg = Debug|Any CPU
		{E8EBC1F0-4885-489D-A700-26761D4AE868}.Debug|Any CPU.Build.0 = Debug|Any CPU
		{E8EBC1F0-4885-489D-A700-26761D4AE868}.Release|Any CPU.ActiveCfg = Release|Any CPU
		{E8EBC1F0-4885-489D-A700-26761D4AE868}.Release|Any CPU.Build.0 = Release|Any CPU
	EndGlobalSection
	GlobalSection(SolutionProperties) = preSolution
		HideSolutionNode = FALSE
	EndGlobalSection
	GlobalSection(ExtensibilityGlobals) = postSolution
		SolutionGuid = {97D3848B-981D-4DA3-B70D-B1ED406F456C}
	EndGlobalSection
EndGlobal
